
Microsoft Visual Studio Solution File, Format Version 12.00
# Visual Studio Version 17
VisualStudioVersion = 17.14.36203.30 d17.14
MinimumVisualStudioVersion = 10.0.40219.1
Project("{FAE04EC0-301F-11D3-BF4B-00C04F79EFBC}") = "UseTryAndCatch", "UseTryAndCatch.csproj", "{76029194-C80A-4C2D-9EF1-7E711334907F}"
EndProject
Global
	GlobalSection(SolutionConfigurationPlatforms) = preSolution
		Debug|Any CPU = Debug|Any CPU
		Release|Any CPU = Release|Any CPU
	EndGlobalSection
	GlobalSection(ProjectConfigurationPlatforms) = postSolution
		{76029194-C80A-4C2D-9EF1-7E711334907F}.Debug|Any CPU.ActiveCfg = Debug|Any CPU
		{76029194-C80A-4C2D-9EF1-7E711334907F}.Debug|Any CPU.Build.0 = Debug|Any CPU
		{76029194-C80A-4C2D-9EF1-7E711334907F}.Release|Any CPU.ActiveCfg = Release|Any CPU
		{76029194-C80A-4C2D-9EF1-7E711334907F}.Release|Any CPU.Build.0 = Release|Any CPU
	EndGlobalSection
	GlobalSection(SolutionProperties) = preSolution
		HideSolutionNode = FALSE
	EndGlobalSection
	GlobalSection(ExtensibilityGlobals) = postSolution
		SolutionGuid = {5018D9CD-F539-4AEC-B230-068808B3DC38}
	EndGlobalSection
EndGlobal
